Microsoft Visual Studio Solution File, Format Version 12.00
# Visual Studio Version 17
VisualStudioVersion = 17.5.2.0
MinimumVisualStudioVersion = 10.0.40219.1
Project("{FAE04EC0-301F-11D3-BF4B-00C04F79EFBC}") = "RequestService", "RequestService.csproj", "{B045E1D1-BF10-3A03-86D7-FAE074AADCE0}"
EndProject
Global
	GlobalSection(SolutionConfigurationPlatforms) = preSolution
		Debug|Any CPU = Debug|Any CPU
		Release|Any CPU = Release|Any CPU
	EndGlobalSection
	GlobalSection(ProjectConfigurationPlatforms) = postSolution
		{B045E1D1-BF10-3A03-86D7-FAE074AADCE0}.Debug|Any CPU.ActiveCfg = Debug|Any CPU
		{B045E1D1-BF10-3A03-86D7-FAE074AADCE0}.Debug|Any CPU.Build.0 = Debug|Any CPU
		{B045E1D1-BF10-3A03-86D7-FAE074AADCE0}.Release|Any CPU.ActiveCfg = Release|Any CPU
		{B045E1D1-BF10-3A03-86D7-FAE074AADCE0}.Release|Any CPU.Build.0 = Release|Any CPU
	EndGlobalSection
	GlobalSection(SolutionProperties) = preSolution
		HideSolutionNode = FALSE
	EndGlobalSection
	GlobalSection(ExtensibilityGlobals) = postSolution
		SolutionGuid = {A3495119-5ED7-4F22-8034-BDDBBBAC7667}
	EndGlobalSection
EndGlobal
